<?xml version="1.0" encoding="utf-8"?>
<Project ToolsVersion="4.0" xmlns="http://schemas.microsoft.com/developer/msbuild/2003">
  <ItemGroup>
    <Filter Include="Source Files">
      <UniqueIdentifier>{4FC737F1-C7A5-4376-A066-2A32D752A2FF}</UniqueIdentifier>
      <Extensions>cpp;c;cc;cxx</Extensions>
    </Filter>
    <Filter Include="Header Files">
      <UniqueIdentifier>{93995380-89BD-4b04-88EB-625FBE52EBFB}</UniqueIdentifier>
      <Extensions>h;hpp;hxx</Extensions>
    </Filter>
    <Filter Include="Simulation">
      <UniqueIdentifier>{6C9E1D2A-3B4C-4E5F-8A9B-0C1D2E3F4A5B}</UniqueIdentifier>
    </Filter>
  </ItemGroup>
  <ItemGroup>
    <ResourceCompile Include="SMLMDemoCam.rc">
      <Filter>Source Files</Filter>
    </ResourceCompile>
  </ItemGroup>
  <ItemGroup>
    <ClCompile Include="SMLMDemoCamera.cpp">
      <Filter>Source Files</Filter>
    </ClCompile>
    <ClCompile Include="SMLMImageGeneration.cpp">
      <Filter>Source Files</Filter>
    </ClCompile>
    <ClCompile Include="SMLMDemoCameraModule.cpp">
      <Filter>Source Files</Filter>
    </ClCompile>
    <ClCompile Include="SMLMDemoZStage.cpp">
      <Filter>Source Files</Filter>
    </ClCompile>
    <ClCompile Include="Simulation\SMLMSimulation.cpp">
      <Filter>Simulation</Filter>
    </ClCompile>
    <ClCompile Include="Simulation\SMLMPatterns.cpp">
      <Filter>Simulation</Filter>
    </ClCompile>
    <ClCompile Include="Simulation\SMLMNoise.cpp">
      <Filter>Simulation</Filter>
    </ClCompile>
    <ClCompile Include="Simulation\SMLMZernike.cpp">
      <Filter>Simulation</Filter>
    </ClCompile>
    <ClCompile Include="Simulation\PsfGeneratorBridge.cpp">
      <Filter>Simulation</Filter>
    </ClCompile>
  </ItemGroup>
  <ItemGroup>
    <ClInclude Include="SMLMDemoCamera.h">
      <Filter>Header Files</Filter>
    </ClInclude>
    <ClInclude Include="SMLMDemoZStage.h">
      <Filter>Header Files</Filter>
    </ClInclude>
    <ClInclude Include="Simulation\SMLMSimulation.h">
      <Filter>Simulation</Filter>
    </ClInclude>
    <ClInclude Include="Simulation\SMLMPatterns.h">
      <Filter>Simulation</Filter>
    </ClInclude>
    <ClInclude Include="Simulation\SMLMNoise.h">
      <Filter>Simulation</Filter>
    </ClInclude>
    <ClInclude Include="Simulation\SMLMZernike.h">
      <Filter>Simulation</Filter>
    </ClInclude>
    <ClInclude Include="Simulation\PsfGeneratorBridge.h">
      <Filter>Simulation</Filter>
    </ClInclude>
    <ClInclude Include="Simulation\PsfResource.h">
      <Filter>Simulation</Filter>
    </ClInclude>
    <ClInclude Include="Simulation\SharedStageState.h">
      <Filter>Simulation</Filter>
    </ClInclude>
  </ItemGroup>
</Project>
