<?xml version="1.0" encoding="utf-8"?>
<Project ToolsVersion="4.0" xmlns="http://schemas.microsoft.com/developer/msbuild/2003">
  <ItemGroup>
    <Filter Include="Source Files">
      <UniqueIdentifier>{4FC737F1-C7A5-4376-A066-2A32D752A2FF}</UniqueIdentifier>
      <Extensions>cpp;c;cc;cxx</Extensions>
    </Filter>
    <Filter Include="Header Files">
      <UniqueIdentifier>{93995380-89BD-4b04-88EB-625FBE52EBFB}</UniqueIdentifier>
      <Extensions>h;hpp;hxx</Extensions>
    </Filter>
    <Filter Include="Core">
      <UniqueIdentifier>{7d3c2a51-4b8e-4f0a-9c61-1e2f5b6a9c30}</UniqueIdentifier>
    </Filter>
    <Filter Include="Simulation">
      <UniqueIdentifier>{6C9E1D2A-3B4C-4E5F-8A9B-0C1D2E3F4A5B}</UniqueIdentifier>
    </Filter>
  </ItemGroup>
  <ItemGroup>
    <ResourceCompile Include="inSiliScope.rc">
      <Filter>Source Files</Filter>
    </ResourceCompile>
  </ItemGroup>
  <ItemGroup>
    <ClCompile Include="InSiliScopeCamera.cpp">
      <Filter>Source Files</Filter>
    </ClCompile>
    <ClCompile Include="SMLMImageGeneration.cpp">
      <Filter>Source Files</Filter>
    </ClCompile>
    <ClCompile Include="InSiliScopeModule.cpp">
      <Filter>Source Files</Filter>
    </ClCompile>
    <ClCompile Include="InSiliScopeXYStage.cpp">
      <Filter>Source Files</Filter>
    </ClCompile>
    <ClCompile Include="Simulation\CellFieldSource.cpp">
      <Filter>Simulation</Filter>
    </ClCompile>
    <ClCompile Include="Simulation\Fft2d.cpp">
      <Filter>Simulation</Filter>
    </ClCompile>
    <ClCompile Include="Simulation\Illumination.cpp">
      <Filter>Simulation</Filter>
    </ClCompile>
    <ClCompile Include="Simulation\WidefieldRender.cpp">
      <Filter>Simulation</Filter>
    </ClCompile>
    <ClCompile Include="..\..\core\src\capi.cpp">
      <Filter>Core</Filter>
    </ClCompile>
    <ClCompile Include="..\..\core\src\cells.cpp">
      <Filter>Core</Filter>
    </ClCompile>
    <ClCompile Include="..\..\core\src\cytomesh.cpp">
      <Filter>Core</Filter>
    </ClCompile>
    <ClCompile Include="..\..\core\src\dyes.cpp">
      <Filter>Core</Filter>
    </ClCompile>
    <ClCompile Include="..\..\core\src\jsmath.cpp">
      <Filter>Core</Filter>
    </ClCompile>
    <ClCompile Include="..\..\core\src\jsmath_fdlibm.cpp">
      <Filter>Core</Filter>
    </ClCompile>
    <ClCompile Include="..\..\core\src\microtubules.cpp">
      <Filter>Core</Filter>
    </ClCompile>
    <ClCompile Include="..\..\core\src\packing.cpp">
      <Filter>Core</Filter>
    </ClCompile>
    <ClCompile Include="..\..\core\src\params.cpp">
      <Filter>Core</Filter>
    </ClCompile>
    <ClCompile Include="..\..\core\src\world.cpp">
      <Filter>Core</Filter>
    </ClCompile>
    <ClCompile Include="InSiliScopeZStage.cpp">
      <Filter>Source Files</Filter>
    </ClCompile>
    <ClCompile Include="Simulation\SMLMSimulation.cpp">
      <Filter>Simulation</Filter>
    </ClCompile>
    <ClCompile Include="Simulation\SMLMPatterns.cpp">
      <Filter>Simulation</Filter>
    </ClCompile>
    <ClCompile Include="Simulation\SMLMStructures.cpp">
      <Filter>Simulation</Filter>
    </ClCompile>
    <ClCompile Include="Simulation\SMLMNoise.cpp">
      <Filter>Simulation</Filter>
    </ClCompile>
    <ClCompile Include="Simulation\SMLMZernike.cpp">
      <Filter>Simulation</Filter>
    </ClCompile>
    <ClCompile Include="Simulation\GpuSimD3D11.cpp">
      <Filter>Simulation</Filter>
    </ClCompile>
    <ClCompile Include="Simulation\SMLMBackground.cpp">
      <Filter>Simulation</Filter>
    </ClCompile>
    <ClCompile Include="Simulation\PsfGeneratorBridge.cpp">
      <Filter>Simulation</Filter>
    </ClCompile>
  </ItemGroup>
  <ItemGroup>
    <ClInclude Include="InSiliScopeCamera.h">
      <Filter>Header Files</Filter>
    </ClInclude>
    <ClInclude Include="InSiliScopeXYStage.h">
      <Filter>Header Files</Filter>
    </ClInclude>
    <ClInclude Include="Simulation\CellFieldSource.h">
      <Filter>Simulation</Filter>
    </ClInclude>
    <ClInclude Include="Simulation\Fft2d.h">
      <Filter>Simulation</Filter>
    </ClInclude>
    <ClInclude Include="Simulation\Illumination.h">
      <Filter>Simulation</Filter>
    </ClInclude>
    <ClInclude Include="Simulation\WidefieldRender.h">
      <Filter>Simulation</Filter>
    </ClInclude>
    <ClInclude Include="..\..\core\include\insiliscope\insiliscope.h">
      <Filter>Core</Filter>
    </ClInclude>
    <ClInclude Include="..\..\core\src\cells.h">
      <Filter>Core</Filter>
    </ClInclude>
    <ClInclude Include="..\..\core\src\cytomesh.h">
      <Filter>Core</Filter>
    </ClInclude>
    <ClInclude Include="..\..\core\src\dyes.h">
      <Filter>Core</Filter>
    </ClInclude>
    <ClInclude Include="..\..\core\src\jsmath.h">
      <Filter>Core</Filter>
    </ClInclude>
    <ClInclude Include="..\..\core\src\microtubules.h">
      <Filter>Core</Filter>
    </ClInclude>
    <ClInclude Include="..\..\core\src\packing.h">
      <Filter>Core</Filter>
    </ClInclude>
    <ClInclude Include="..\..\core\src\params.h">
      <Filter>Core</Filter>
    </ClInclude>
    <ClInclude Include="..\..\core\src\rng.h">
      <Filter>Core</Filter>
    </ClInclude>
    <ClInclude Include="..\..\core\src\world.h">
      <Filter>Core</Filter>
    </ClInclude>
    <ClInclude Include="InSiliScopeZStage.h">
      <Filter>Header Files</Filter>
    </ClInclude>
    <ClInclude Include="Simulation\SMLMSimulation.h">
      <Filter>Simulation</Filter>
    </ClInclude>
    <ClInclude Include="Simulation\SMLMPatterns.h">
      <Filter>Simulation</Filter>
    </ClInclude>
    <ClInclude Include="Simulation\SMLMStructures.h">
      <Filter>Simulation</Filter>
    </ClInclude>
    <ClInclude Include="Simulation\SMLMNoise.h">
      <Filter>Simulation</Filter>
    </ClInclude>
    <ClInclude Include="Simulation\SMLMZernike.h">
      <Filter>Simulation</Filter>
    </ClInclude>
    <ClInclude Include="Simulation\SMLMCounterRng.h">
      <Filter>Simulation</Filter>
    </ClInclude>
    <ClInclude Include="Simulation\GpuSimD3D11.h">
      <Filter>Simulation</Filter>
    </ClInclude>
    <ClInclude Include="Simulation\SMLMBackground.h">
      <Filter>Simulation</Filter>
    </ClInclude>
    <ClInclude Include="Simulation\PsfGeneratorBridge.h">
      <Filter>Simulation</Filter>
    </ClInclude>
    <ClInclude Include="Simulation\PsfResource.h">
      <Filter>Simulation</Filter>
    </ClInclude>
    <ClInclude Include="Simulation\SharedStageState.h">
      <Filter>Simulation</Filter>
    </ClInclude>
  </ItemGroup>
</Project>
